<?xml version="1.0" encoding="utf-8"?>
<Project ToolsVersion="4.0" xmlns="http://schemas.microsoft.com/developer/msbuild/2003">
  <ItemGroup>
    <Filter Include="Source Files">
      <UniqueIdentifier>{5e509078-224a-4255-9b8f-3bedd55eef23}</UniqueIdentifier>
      <Extensions>cpp;c;cxx;rc;def;r;odl;idl;hpj;bat</Extensions>
    </Filter>
    <Filter Include="Header Files">
      <UniqueIdentifier>{bad57fb1-4672-4257-ba09-2efac417c0e5}</UniqueIdentifier>
      <Extensions>h;hpp;hxx;hm;inl</Extensions>
    </Filter>
  </ItemGroup>
  <ItemGroup>
    <ClCompile Include="colourspace.cpp">
      <Filter>Source Files</Filter>
    </ClCompile>
    <ClCompile Include="compositebitmap.cpp">
      <Filter>Source Files</Filter>
    </ClCompile>
    <ClCompile Include="csbitmap.cpp">
      <Filter>Source Files</Filter>
    </ClCompile>
    <ClCompile Include="loadbmp.cpp">
      <Filter>Source Files</Filter>
    </ClCompile>
    <ClCompile Include="loadimagefile.cpp">
      <Filter>Source Files</Filter>
    </ClCompile>
    <ClCompile Include="loadpcxfile.cpp">
      <Filter>Source Files</Filter>
    </ClCompile>
    <ClCompile Include="precompiled.cpp">
      <Filter>Source Files</Filter>
    </ClCompile>
    <ClCompile Include="savebmp.cpp">
      <Filter>Source Files</Filter>
    </ClCompile>
  </ItemGroup>
  <ItemGroup>
    <ClInclude Include="bmpdefs.h">
      <Filter>Header Files</Filter>
    </ClInclude>
    <ClInclude Include="colourspace.h">
      <Filter>Header Files</Filter>
    </ClInclude>
    <ClInclude Include="csbitmap.h">
      <Filter>Header Files</Filter>
    </ClInclude>
    <ClInclude Include="priv_precompiled.h">
      <Filter>Header Files</Filter>
    </ClInclude>
  </ItemGroup>
</Project>