<?xml version="1.0" encoding="utf-8"?>
<Project ToolsVersion="4.0" xmlns="http://schemas.microsoft.com/developer/msbuild/2003">
  <ItemGroup>
    <Filter Include="Source Files">
      <UniqueIdentifier>{32b1de57-5b58-47d8-90eb-fd622f018994}</UniqueIdentifier>
      <Extensions>cpp;c;cxx;rc;def;r;odl;idl;hpj;bat</Extensions>
    </Filter>
    <Filter Include="Header Files">
      <UniqueIdentifier>{fab82ae0-79d9-47af-86ea-ab950bef7c6d}</UniqueIdentifier>
      <Extensions>h;hpp;hxx;hm;inl</Extensions>
    </Filter>
  </ItemGroup>
  <ItemGroup>
    <ClCompile Include="gameinput.cpp">
      <Filter>Source Files</Filter>
    </ClCompile>
    <ClCompile Include="gameobjects.cpp">
      <Filter>Source Files</Filter>
    </ClCompile>
    <ClCompile Include="microthreadmanager.cpp">
      <Filter>Source Files</Filter>
    </ClCompile>
    <ClCompile Include="microthreads.cpp">
      <Filter>Source Files</Filter>
    </ClCompile>
    <ClCompile Include="objectfactories.cpp">
      <Filter>Source Files</Filter>
    </ClCompile>
    <ClCompile Include="precompiled.cpp">
      <Filter>Source Files</Filter>
    </ClCompile>
    <ClCompile Include="resourcemanager.cpp">
      <Filter>Source Files</Filter>
    </ClCompile>
  </ItemGroup>
  <ItemGroup>
    <ClInclude Include="gameinput.h">
      <Filter>Header Files</Filter>
    </ClInclude>
    <ClInclude Include="gameobjects.h">
      <Filter>Header Files</Filter>
    </ClInclude>
    <ClInclude Include="microthreads.h">
      <Filter>Header Files</Filter>
    </ClInclude>
    <ClInclude Include="objectfactories.h">
      <Filter>Header Files</Filter>
    </ClInclude>
    <ClInclude Include="priv_precompiled.h">
      <Filter>Header Files</Filter>
    </ClInclude>
    <ClInclude Include="resourcemanager.h">
      <Filter>Header Files</Filter>
    </ClInclude>
  </ItemGroup>
</Project>